{
  "object": {
    "pins": [
      {
        "package": "OrbitCompilerUtils",
        "repositoryURL": "https://github.com/daviejaneway/OrbitCompilerUtils.git",
        "state": {
          "branch": null,
          "revision": "f5c190ca93baf121068ee7a02494ccc4caf0f97f",
          "version": "0.0.8"
        }
      }
    ]
  },
  "version": 1
}
