{
  "object": {
    "pins": [
      {
        "package": "OrbitCompilerUtils",
        "repositoryURL": "https://github.com/daviejaneway/OrbitCompilerUtils.git",
        "state": {
          "branch": null,
          "revision": "8595940358829f4938c67f9b3bc18b6bf932aa36",
          "version": "0.0.11"
        }
      }
    ]
  },
  "version": 1
}
