{
  "object": {
    "pins": [
      {
        "package": "OrbitCompilerUtils",
        "repositoryURL": "https://github.com/daviejaneway/OrbitCompilerUtils.git",
        "state": {
          "branch": null,
          "revision": "3fb7113d956c6a8a77d09f697e9800affd930e64",
          "version": "0.0.9"
        }
      }
    ]
  },
  "version": 1
}
